
Microsoft Visual Studio Solution File, Format Version 12.00
# Visual Studio Version 17
VisualStudioVersion = 17.0.32126.317
MinimumVisualStudioVersion = 10.0.40219.1
Project("{9A19103F-16F7-4668-BE54-9A1E7A4F7556}") = "Order.WebAPI", "Order.WebAPI\Order.WebAPI.csproj", "{D17FD581-C224-4A9B-8DD0-45605866F0A4}"
EndProject
Project("{9A19103F-16F7-4668-BE54-9A1E7A4F7556}") = "Order.Service", "Order.Service\Order.Service.csproj", "{2EAFB407-2A71-4AF2-95D8-4D309C3B174E}"
EndProject
Project("{9A19103F-16F7-4668-BE54-9A1E7A4F7556}") = "Order.Model", "Order.Model\Order.Model.csproj", "{C1C3D7F8-832C-4992-AE82-F71D96977E6E}"
EndProject
Project("{9A19103F-16F7-4668-BE54-9A1E7A4F7556}") = "Order.Data", "Order.Data\Order.Data.csproj", "{F4F259A3-F3B6-477B-9FD4-C4405E6D3EAC}"
EndProject
Project("{9A19103F-16F7-4668-BE54-9A1E7A4F7556}") = "Order.Service.Tests", "Order.Service.Tests\Order.Service.Tests.csproj", "{9F52597F-E1AF-4993-AB6A-EF11605AC1B0}"
EndProject
Project("{2150E333-8FDC-42A3-9474-1A3956D46DE8}") = "Solution Items", "Solution Items", "{BD9AC912-E889-4052-9AFA-1ACFACBC4C07}"
	ProjectSection(SolutionItems) = preProject
		.dockerignore = .dockerignore
		Dockerfile = Dockerfile
		..\mysql-init.sql = ..\mysql-init.sql
		..\README.md = ..\README.md
	EndProjectSection
EndProject
Global
	GlobalSection(SolutionConfigurationPlatforms) = preSolution
		Debug|Any CPU = Debug|Any CPU
		Release|Any CPU = Release|Any CPU
	EndGlobalSection
	GlobalSection(ProjectConfigurationPlatforms) = postSolution
		{D17FD581-C224-4A9B-8DD0-45605866F0A4}.Debug|Any CPU.ActiveCfg = Debug|Any CPU
		{D17FD581-C224-4A9B-8DD0-45605866F0A4}.Debug|Any CPU.Build.0 = Debug|Any CPU
		{D17FD581-C224-4A9B-8DD0-45605866F0A4}.Release|Any CPU.ActiveCfg = Release|Any CPU
		{D17FD581-C224-4A9B-8DD0-45605866F0A4}.Release|Any CPU.Build.0 = Release|Any CPU
		{2EAFB407-2A71-4AF2-95D8-4D309C3B174E}.Debug|Any CPU.ActiveCfg = Debug|Any CPU
		{2EAFB407-2A71-4AF2-95D8-4D309C3B174E}.Debug|Any CPU.Build.0 = Debug|Any CPU
		{2EAFB407-2A71-4AF2-95D8-4D309C3B174E}.Release|Any CPU.ActiveCfg = Release|Any CPU
		{2EAFB407-2A71-4AF2-95D8-4D309C3B174E}.Release|Any CPU.Build.0 = Release|Any CPU
		{C1C3D7F8-832C-4992-AE82-F71D96977E6E}.Debug|Any CPU.ActiveCfg = Debug|Any CPU
		{C1C3D7F8-832C-4992-AE82-F71D96977E6E}.Debug|Any CPU.Build.0 = Debug|Any CPU
		{C1C3D7F8-832C-4992-AE82-F71D96977E6E}.Release|Any CPU.ActiveCfg = Release|Any CPU
		{C1C3D7F8-832C-4992-AE82-F71D96977E6E}.Release|Any CPU.Build.0 = Release|Any CPU
		{F4F259A3-F3B6-477B-9FD4-C4405E6D3EAC}.Debug|Any CPU.ActiveCfg = Debug|Any CPU
		{F4F259A3-F3B6-477B-9FD4-C4405E6D3EAC}.Debug|Any CPU.Build.0 = Debug|Any CPU
		{F4F259A3-F3B6-477B-9FD4-C4405E6D3EAC}.Release|Any CPU.ActiveCfg = Release|Any CPU
		{F4F259A3-F3B6-477B-9FD4-C4405E6D3EAC}.Release|Any CPU.Build.0 = Release|Any CPU
		{9F52597F-E1AF-4993-AB6A-EF11605AC1B0}.Debug|Any CPU.ActiveCfg = Debug|Any CPU
		{9F52597F-E1AF-4993-AB6A-EF11605AC1B0}.Debug|Any CPU.Build.0 = Debug|Any CPU
		{9F52597F-E1AF-4993-AB6A-EF11605AC1B0}.Release|Any CPU.ActiveCfg = Release|Any CPU
		{9F52597F-E1AF-4993-AB6A-EF11605AC1B0}.Release|Any CPU.Build.0 = Release|Any CPU
	EndGlobalSection
	GlobalSection(SolutionProperties) = preSolution
		HideSolutionNode = FALSE
	EndGlobalSection
	GlobalSection(ExtensibilityGlobals) = postSolution
		SolutionGuid = {9B877D2C-C5CA-41CA-B3EF-6D80D06E687B}
	EndGlobalSection
EndGlobal
